
Microsoft Visual Studio Solution File, Format Version 12.00
# Visual Studio 15
VisualStudioVersion = 15.0.27703.2000
MinimumVisualStudioVersion = 10.0.40219.1
Project("{FAE04EC0-301F-11D3-BF4B-00C04F79EFBC}") = "CICD_DemoProject", "CICD_DemoProject\CICD_DemoProject.csproj", "{CD7C3295-1799-4D25-AE3A-659B3629410D}"
EndProject
Global
	GlobalSection(SolutionConfigurationPlatforms) = preSolution
		Debug|Any CPU = Debug|Any CPU
		Release|Any CPU = Release|Any CPU
	EndGlobalSection
	GlobalSection(ProjectConfigurationPlatforms) = postSolution
		{CD7C3295-1799-4D25-AE3A-659B3629410D}.Debug|Any CPU.ActiveCfg = Debug|Any CPU
		{CD7C3295-1799-4D25-AE3A-659B3629410D}.Debug|Any CPU.Build.0 = Debug|Any CPU
		{CD7C3295-1799-4D25-AE3A-659B3629410D}.Release|Any CPU.ActiveCfg = Release|Any CPU
		{CD7C3295-1799-4D25-AE3A-659B3629410D}.Release|Any CPU.Build.0 = Release|Any CPU
	EndGlobalSection
	GlobalSection(SolutionProperties) = preSolution
		HideSolutionNode = FALSE
	EndGlobalSection
	GlobalSection(ExtensibilityGlobals) = postSolution
		SolutionGuid = {B541EB39-4619-4347-9A07-9B4BCCC26737}
	EndGlobalSection
EndGlobal
